github.com/snksoft/crc v1.1.0 h1:HkLdI4taFlgGGG1KvsWMpz78PkOC9TkPVpTV/cuWn48=
github.com/snksoft/crc v1.1.0/go.mod h1:5/gUOsgAm7OmIhb6WJzw7w5g2zfJi4FrHYgGPdshE+A=
github.com/yadayadajaychan/zwc v0.1.1 h1:7YIbfKG394FQsD1dq0rD7UiLWtg/IVV2UjJCQOXeX7k=
github.com/yadayadajaychan/zwc v0.1.1/go.mod h1:KO5SlxhB9m55T/9kKD2/t6lSn6cUbQnx6kiGoISwsyU=
